
Microsoft Visual Studio Solution File, Format Version 11.00
# Visual Studio 2010
Project("{8BC9CEB8-8B4A-11D0-8D11-00A0C91BC942}") = "simpleIPC", "simpleIPC_vs2010.vcxproj", "{D7464BA5-FF3B-408A-BEF9-AB411628075F}"
EndProject
Global
	GlobalSection(SolutionConfigurationPlatforms) = preSolution
		Debug|Win32 = Debug|Win32
		Debug|x64 = Debug|x64
		Release|Win32 = Release|Win32
		Release|x64 = Release|x64
	EndGlobalSection
	GlobalSection(ProjectConfigurationPlatforms) = postSolution
		{D7464BA5-FF3B-408A-BEF9-AB411628075F}.Debug|Win32.ActiveCfg = Debug|Win32
		{D7464BA5-FF3B-408A-BEF9-AB411628075F}.Debug|Win32.Build.0 = Debug|Win32
		{D7464BA5-FF3B-408A-BEF9-AB411628075F}.Debug|x64.ActiveCfg = Debug|x64
		{D7464BA5-FF3B-408A-BEF9-AB411628075F}.Debug|x64.Build.0 = Debug|x64
		{D7464BA5-FF3B-408A-BEF9-AB411628075F}.Release|Win32.ActiveCfg = Release|Win32
		{D7464BA5-FF3B-408A-BEF9-AB411628075F}.Release|Win32.Build.0 = Release|Win32
		{D7464BA5-FF3B-408A-BEF9-AB411628075F}.Release|x64.ActiveCfg = Release|x64
		{D7464BA5-FF3B-408A-BEF9-AB411628075F}.Release|x64.Build.0 = Release|x64
	EndGlobalSection
	GlobalSection(SolutionProperties) = preSolution
		HideSolutionNode = FALSE
	EndGlobalSection
EndGlobal
