
Microsoft Visual Studio Solution File, Format Version 11.00
# Visual Studio 2010
Project("{8BC9CEB8-8B4A-11D0-8D11-00A0C91BC942}") = "volumeRender", "volumeRender_vs2010.vcxproj", "{4AF69E61-F45F-441F-8CAE-E031F831EB6A}"
EndProject
Global
	GlobalSection(SolutionConfigurationPlatforms) = preSolution
		Debug|Win32 = Debug|Win32
		Debug|x64 = Debug|x64
		Release|Win32 = Release|Win32
		Release|x64 = Release|x64
	EndGlobalSection
	GlobalSection(ProjectConfigurationPlatforms) = postSolution
		{4AF69E61-F45F-441F-8CAE-E031F831EB6A}.Debug|Win32.ActiveCfg = Debug|Win32
		{4AF69E61-F45F-441F-8CAE-E031F831EB6A}.Debug|Win32.Build.0 = Debug|Win32
		{4AF69E61-F45F-441F-8CAE-E031F831EB6A}.Debug|x64.ActiveCfg = Debug|x64
		{4AF69E61-F45F-441F-8CAE-E031F831EB6A}.Debug|x64.Build.0 = Debug|x64
		{4AF69E61-F45F-441F-8CAE-E031F831EB6A}.Release|Win32.ActiveCfg = Release|Win32
		{4AF69E61-F45F-441F-8CAE-E031F831EB6A}.Release|Win32.Build.0 = Release|Win32
		{4AF69E61-F45F-441F-8CAE-E031F831EB6A}.Release|x64.ActiveCfg = Release|x64
		{4AF69E61-F45F-441F-8CAE-E031F831EB6A}.Release|x64.Build.0 = Release|x64
	EndGlobalSection
	GlobalSection(SolutionProperties) = preSolution
		HideSolutionNode = FALSE
	EndGlobalSection
EndGlobal
