
Microsoft Visual Studio Solution File, Format Version 11.00
# Visual Studio 2010
Project("{8BC9CEB8-8B4A-11D0-8D11-00A0C91BC942}") = "asyncAPI", "asyncAPI_vs2010.vcxproj", "{3BB8DEC9-B9F1-3734-DB6A-EC21E806CC04}"
EndProject
Global
	GlobalSection(SolutionConfigurationPlatforms) = preSolution
		Debug|Win32 = Debug|Win32
		Debug|x64 = Debug|x64
		Release|Win32 = Release|Win32
		Release|x64 = Release|x64
	EndGlobalSection
	GlobalSection(ProjectConfigurationPlatforms) = postSolution
		{3BB8DEC9-B9F1-3734-DB6A-EC21E806CC04}.Debug|Win32.ActiveCfg = Debug|Win32
		{3BB8DEC9-B9F1-3734-DB6A-EC21E806CC04}.Debug|Win32.Build.0 = Debug|Win32
		{3BB8DEC9-B9F1-3734-DB6A-EC21E806CC04}.Debug|x64.ActiveCfg = Debug|x64
		{3BB8DEC9-B9F1-3734-DB6A-EC21E806CC04}.Debug|x64.Build.0 = Debug|x64
		{3BB8DEC9-B9F1-3734-DB6A-EC21E806CC04}.Release|Win32.ActiveCfg = Release|Win32
		{3BB8DEC9-B9F1-3734-DB6A-EC21E806CC04}.Release|Win32.Build.0 = Release|Win32
		{3BB8DEC9-B9F1-3734-DB6A-EC21E806CC04}.Release|x64.ActiveCfg = Release|x64
		{3BB8DEC9-B9F1-3734-DB6A-EC21E806CC04}.Release|x64.Build.0 = Release|x64
	EndGlobalSection
	GlobalSection(SolutionProperties) = preSolution
		HideSolutionNode = FALSE
	EndGlobalSection
EndGlobal
