
Microsoft Visual Studio Solution File, Format Version 10.00
# Visual Studio 2008
Project("{8BC9CEB8-8B4A-11D0-8D11-00A0C91BC942}") = "FDTD3d", "FDTD3d_vs2008.vcproj", "{E25DEA18-98C9-44A1-990A-43DCD5EF5737}"
EndProject
Global
	GlobalSection(SolutionConfigurationPlatforms) = preSolution
		Debug|Win32 = Debug|Win32
		Debug|x64 = Debug|x64
		Release|Win32 = Release|Win32
		Release|x64 = Release|x64
	EndGlobalSection
	GlobalSection(ProjectConfigurationPlatforms) = postSolution
		{E25DEA18-98C9-44A1-990A-43DCD5EF5737}.Debug|Win32.ActiveCfg = Debug|Win32
		{E25DEA18-98C9-44A1-990A-43DCD5EF5737}.Debug|Win32.Build.0 = Debug|Win32
		{E25DEA18-98C9-44A1-990A-43DCD5EF5737}.Debug|x64.ActiveCfg = Debug|x64
		{E25DEA18-98C9-44A1-990A-43DCD5EF5737}.Debug|x64.Build.0 = Debug|x64
		{E25DEA18-98C9-44A1-990A-43DCD5EF5737}.Release|Win32.ActiveCfg = Release|Win32
		{E25DEA18-98C9-44A1-990A-43DCD5EF5737}.Release|Win32.Build.0 = Release|Win32
		{E25DEA18-98C9-44A1-990A-43DCD5EF5737}.Release|x64.ActiveCfg = Release|x64
		{E25DEA18-98C9-44A1-990A-43DCD5EF5737}.Release|x64.Build.0 = Release|x64
	EndGlobalSection
	GlobalSection(SolutionProperties) = preSolution
		HideSolutionNode = FALSE
	EndGlobalSection
EndGlobal
