
Microsoft Visual Studio Solution File, Format Version 10.00
# Visual Studio 2008
Project("{8BC9CEB8-8B4A-11D0-8D11-00A0C91BC942}") = "cudaEncode", "cudaEncode_vs2008.vcproj", "{8BAD446F-7D8E-4BAD-9539-86DCC1CB3EA9}"
EndProject
Global
	GlobalSection(SolutionConfigurationPlatforms) = preSolution
		Debug|Win32 = Debug|Win32
		Debug|x64 = Debug|x64
		Release|Win32 = Release|Win32
		Release|x64 = Release|x64
	EndGlobalSection
	GlobalSection(ProjectConfigurationPlatforms) = postSolution
		{8BAD446F-7D8E-4BAD-9539-86DCC1CB3EA9}.Debug|Win32.ActiveCfg = Debug|Win32
		{8BAD446F-7D8E-4BAD-9539-86DCC1CB3EA9}.Debug|Win32.Build.0 = Debug|Win32
		{8BAD446F-7D8E-4BAD-9539-86DCC1CB3EA9}.Debug|x64.ActiveCfg = Debug|x64
		{8BAD446F-7D8E-4BAD-9539-86DCC1CB3EA9}.Debug|x64.Build.0 = Debug|x64
		{8BAD446F-7D8E-4BAD-9539-86DCC1CB3EA9}.Release|Win32.ActiveCfg = Release|Win32
		{8BAD446F-7D8E-4BAD-9539-86DCC1CB3EA9}.Release|Win32.Build.0 = Release|Win32
		{8BAD446F-7D8E-4BAD-9539-86DCC1CB3EA9}.Release|x64.ActiveCfg = Release|x64
		{8BAD446F-7D8E-4BAD-9539-86DCC1CB3EA9}.Release|x64.Build.0 = Release|x64
	EndGlobalSection
	GlobalSection(SolutionProperties) = preSolution
		HideSolutionNode = FALSE
	EndGlobalSection
EndGlobal
