Microsoft Visual Studio Solution File, Format Version 10.00
# Visual Studio 2008
Project("{8BC9CEB8-8B4A-11D0-8D11-00A0C91BC942}") = "simpleCubemapTexture", "simpleCubemapTexture_vs2008.vcproj", "{955A5FBE-FAEF-46C7-AD76-8FCA81D325AC}"
EndProject
Global
	GlobalSection(SolutionConfigurationPlatforms) = preSolution
		Debug|Win32 = Debug|Win32
		Debug|x64 = Debug|x64
		Release|Win32 = Release|Win32
		Release|x64 = Release|x64
	EndGlobalSection
	GlobalSection(ProjectConfigurationPlatforms) = postSolution
		{955A5FBE-FAEF-46C7-AD76-8FCA81D325AC}.Debug|Win32.ActiveCfg = Debug|Win32
		{955A5FBE-FAEF-46C7-AD76-8FCA81D325AC}.Debug|Win32.Build.0 = Debug|Win32
		{955A5FBE-FAEF-46C7-AD76-8FCA81D325AC}.Debug|x64.ActiveCfg = Debug|x64
		{955A5FBE-FAEF-46C7-AD76-8FCA81D325AC}.Debug|x64.Build.0 = Debug|x64
		{955A5FBE-FAEF-46C7-AD76-8FCA81D325AC}.Release|Win32.ActiveCfg = Release|Win32
		{955A5FBE-FAEF-46C7-AD76-8FCA81D325AC}.Release|Win32.Build.0 = Release|Win32
		{955A5FBE-FAEF-46C7-AD76-8FCA81D325AC}.Release|x64.ActiveCfg = Release|x64
		{955A5FBE-FAEF-46C7-AD76-8FCA81D325AC}.Release|x64.Build.0 = Release|x64
	EndGlobalSection
	GlobalSection(SolutionProperties) = preSolution
		HideSolutionNode = FALSE
	EndGlobalSection
EndGlobal
