
Microsoft Visual Studio Solution File, Format Version 10.00
# Visual Studio 2008
Project("{8BC9CEB8-8B4A-11D0-8D11-00A0C91BC942}") = "simpleD3D10", "simpleD3D10_vs2008.vcproj", "{36D75F02-05CF-4B62-87F7-82683D7E1F7F}"
EndProject
Global
	GlobalSection(SolutionConfigurationPlatforms) = preSolution
		Debug|Win32 = Debug|Win32
		Debug|x64 = Debug|x64
		Release|Win32 = Release|Win32
		Release|x64 = Release|x64
	EndGlobalSection
	GlobalSection(ProjectConfigurationPlatforms) = postSolution
		{36D75F02-05CF-4B62-87F7-82683D7E1F7F}.Debug|Win32.ActiveCfg = Debug|Win32
		{36D75F02-05CF-4B62-87F7-82683D7E1F7F}.Debug|Win32.Build.0 = Debug|Win32
		{36D75F02-05CF-4B62-87F7-82683D7E1F7F}.Debug|x64.ActiveCfg = Debug|x64
		{36D75F02-05CF-4B62-87F7-82683D7E1F7F}.Debug|x64.Build.0 = Debug|x64
		{36D75F02-05CF-4B62-87F7-82683D7E1F7F}.Release|Win32.ActiveCfg = Release|Win32
		{36D75F02-05CF-4B62-87F7-82683D7E1F7F}.Release|Win32.Build.0 = Release|Win32
		{36D75F02-05CF-4B62-87F7-82683D7E1F7F}.Release|x64.ActiveCfg = Release|x64
		{36D75F02-05CF-4B62-87F7-82683D7E1F7F}.Release|x64.Build.0 = Release|x64
	EndGlobalSection
	GlobalSection(SolutionProperties) = preSolution
		HideSolutionNode = FALSE
	EndGlobalSection
EndGlobal
